
Microsoft Visual Studio Solution File, Format Version 12.00
# Visual Studio Version 16
VisualStudioVersion = 16.0.31702.278
MinimumVisualStudioVersion = 10.0.40219.1
Project("{8BC9CEB8-8B4A-11D0-8D11-00A0C91BC942}") = "SP-win32", "SP-win32.vcxproj", "{59C510B2-53DD-47ED-AB4E-11338F9DAC7C}"
EndProject
Global
	GlobalSection(SolutionConfigurationPlatforms) = preSolution
		Debug|x64 = Debug|x64
		Debug|x86 = Debug|x86
		Release|x64 = Release|x64
		Release|x86 = Release|x86
	EndGlobalSection
	GlobalSection(ProjectConfigurationPlatforms) = postSolution
		{59C510B2-53DD-47ED-AB4E-11338F9DAC7C}.Debug|x64.ActiveCfg = Debug|x64
		{59C510B2-53DD-47ED-AB4E-11338F9DAC7C}.Debug|x64.Build.0 = Debug|x64
		{59C510B2-53DD-47ED-AB4E-11338F9DAC7C}.Debug|x86.ActiveCfg = Debug|Win32
		{59C510B2-53DD-47ED-AB4E-11338F9DAC7C}.Debug|x86.Build.0 = Debug|Win32
		{59C510B2-53DD-47ED-AB4E-11338F9DAC7C}.Release|x64.ActiveCfg = Release|x64
		{59C510B2-53DD-47ED-AB4E-11338F9DAC7C}.Release|x64.Build.0 = Release|x64
		{59C510B2-53DD-47ED-AB4E-11338F9DAC7C}.Release|x86.ActiveCfg = Release|Win32
		{59C510B2-53DD-47ED-AB4E-11338F9DAC7C}.Release|x86.Build.0 = Release|Win32
	EndGlobalSection
	GlobalSection(SolutionProperties) = preSolution
		HideSolutionNode = FALSE
	EndGlobalSection
	GlobalSection(ExtensibilityGlobals) = postSolution
		SolutionGuid = {DBAFC42E-8B10-49C0-8038-A96F44B7B593}
	EndGlobalSection
EndGlobal
